hash: c686d0a27cf308a19feac59dedb96533a1ccc93d9fdb126199fec8b495c6de4b
updated: 2017-04-18T22:33:52.637105842+08:00
imports:
- name: github.com/BurntSushi/toml
  version: 056c9bc7be7190eaa7715723883caffa5f8fa3e4
- name: github.com/juju/errors
  version: 6f54ff6318409d31ff16261533ce2c8381a4fd5d
- name: github.com/ngaut/log
  version: cec23d3e10b016363780d894a0eb732a12c06e02
- name: github.com/satori/go.uuid
  version: 879c5887cd475cd7864858769793b2ceb0d44feb
- name: github.com/siddontang/go
  version: 354e14e6c093c661abb29fd28403b3c19cff5514
  subpackages:
  - hack
  - ioutil2
  - sync2
- name: github.com/siddontang/go-mysql
  version: ead11cac47bd127a8c667efa07f171a9143d8a25
  subpackages:
  - canal
  - client
  - dump
  - mysql
  - packet
  - replication
  - schema
- name: golang.org/x/net
  version: 6acef71eb69611914f7a30939ea9f6e194c78172
  subpackages:
  - context
- name: gopkg.in/check.v1
  version: 11d3bc7aa68e238947792f30573146a3231fc0f1
testImports: []
