# This file is autogenerated, do not edit; changes may be undone by the next 'dep ensure'.


[[projects]]
  name = "github.com/BurntSushi/toml"
  packages = ["."]
  revision = "b26d9c308763d68093482582cea63d69be07a0f0"
  version = "v0.3.0"

[[projects]]
  name = "github.com/go-sql-driver/mysql"
  packages = ["."]
  revision = "a0583e0143b1624142adab07e0e97fe106d99561"
  version = "v1.3"

[[projects]]
  name = "github.com/jmoiron/sqlx"
  packages = [
    ".",
    "reflectx"
  ]
  revision = "d9bd385d68c068f1fabb5057e3dedcbcbb039d0f"

[[projects]]
  branch = "master"
  name = "github.com/juju/errors"
  packages = ["."]
  revision = "c7d06af17c68cd34c835053720b21f6549d9b0ee"

[[projects]]
  name = "github.com/pingcap/check"
  packages = ["."]
  revision = "4c65d06b828d91184c8b6bd94d700143b0be3588"

[[projects]]
  name = "github.com/satori/go.uuid"
  packages = ["."]
  revision = "879c5887cd475cd7864858769793b2ceb0d44feb"
  version = "v1.1.0"

[[projects]]
  name = "github.com/shopspring/decimal"
  packages = ["."]
  revision = "9ca7f51822d222ae4e246f070f9aad863599bd1a"
  version = "1.0.0"

[[projects]]
  branch = "master"
  name = "github.com/siddontang/go"
  packages = [
    "hack",
    "sync2"
  ]
  revision = "cb568a3e5cc06256f91a2da5a87455f717eb33f4"

[[projects]]
  name = "gopkg.in/birkirb/loggers.v1"
  packages = [
    ".",
    "log",
    "mappers",
    "mappers/stdlib"
  ]
  revision = "a4f518ce71c53e85d2aa18266812604a267f013b"
  version = "v1.0.3"

[solve-meta]
  analyzer-name = "dep"
  analyzer-version = 1
  inputs-digest = "4b4fa1994f6c716995f6109caf513a1ffa0431370037b87a7a0d718fd9e178b7"
  solver-name = "gps-cdcl"
  solver-version = 1
