# This file is autogenerated, do not edit; changes may be undone by the next 'dep ensure'.


[[projects]]
  name = "github.com/BurntSushi/toml"
  packages = ["."]
  revision = "b26d9c308763d68093482582cea63d69be07a0f0"
  version = "v0.3.0"

[[projects]]
  name = "github.com/go-sql-driver/mysql"
  packages = ["."]
  revision = "a0583e0143b1624142adab07e0e97fe106d99561"
  version = "v1.3.0"

[[projects]]
  branch = "master"
  name = "github.com/jmoiron/sqlx"
  packages = [
    ".",
    "reflectx"
  ]
  revision = "2aeb6a910c2b94f2d5eb53d9895d80e27264ec41"

[[projects]]
  branch = "master"
  name = "github.com/juju/errors"
  packages = ["."]
  revision = "c7d06af17c68cd34c835053720b21f6549d9b0ee"

[[projects]]
  branch = "master"
  name = "github.com/pingcap/check"
  packages = ["."]
  revision = "1c287c953996ab3a0bf535dba9d53d809d3dc0b6"

[[projects]]
  name = "github.com/satori/go.uuid"
  packages = ["."]
  revision = "f58768cc1a7a7e77a3bd49e98cdd21419399b6a3"
  version = "v1.2.0"

[[projects]]
  name = "github.com/shopspring/decimal"
  packages = ["."]
  revision = "69b3a8ad1f5f2c8bd855cb6506d18593064a346b"
  version = "1.0.1"

[[projects]]
  branch = "master"
  name = "github.com/siddontang/go"
  packages = [
    "hack",
    "sync2"
  ]
  revision = "2b7082d296ba89ae7ead0f977816bddefb65df9d"

[[projects]]
  branch = "master"
  name = "github.com/siddontang/go-log"
  packages = [
    "log",
    "loggers"
  ]
  revision = "a4d157e46fa3e08b7e7ff329af341fa3ff86c02c"

[solve-meta]
  analyzer-name = "dep"
  analyzer-version = 1
  inputs-digest = "3a6f74dc90e82303c48131160fe66213a85d53581b2a0e0c7b36a8df0463fdd0"
  solver-name = "gps-cdcl"
  solver-version = 1
